
Microsoft Visual Studio Solution File, Format Version 12.00
# Visual Studio 15
VisualStudioVersion = 15.0.28307.421
MinimumVisualStudioVersion = 10.0.40219.1
Project("{FAE04EC0-301F-11D3-BF4B-00C04F79EFBC}") = "FrameWorkSetUp", "FrameWorkSetUp\FrameWorkSetUp.csproj", "{41F6E500-7ABD-43EA-AA44-C8FEC4779B87}"
EndProject
Global
	GlobalSection(SolutionConfigurationPlatforms) = preSolution
		Debug|Any CPU = Debug|Any CPU
		Release|Any CPU = Release|Any CPU
	EndGlobalSection
	GlobalSection(ProjectConfigurationPlatforms) = postSolution
		{41F6E500-7ABD-43EA-AA44-C8FEC4779B87}.Debug|Any CPU.ActiveCfg = Debug|Any CPU
		{41F6E500-7ABD-43EA-AA44-C8FEC4779B87}.Debug|Any CPU.Build.0 = Debug|Any CPU
		{41F6E500-7ABD-43EA-AA44-C8FEC4779B87}.Release|Any CPU.ActiveCfg = Release|Any CPU
		{41F6E500-7ABD-43EA-AA44-C8FEC4779B87}.Release|Any CPU.Build.0 = Release|Any CPU
	EndGlobalSection
	GlobalSection(SolutionProperties) = preSolution
		HideSolutionNode = FALSE
	EndGlobalSection
	GlobalSection(ExtensibilityGlobals) = postSolution
		SolutionGuid = {1402CC01-DBBA-4E56-AE54-FDC0E01A5AF9}
	EndGlobalSection
EndGlobal
